// !$*UTF8*$!
{
	archiveVersion = 1;
	classes = {
	};
	objectVersion = 56;
	objects = {

/* Begin PBXBuildFile section */
		E81D63122BD3F9D300AB2DCD /* Lighting.metal in Sources */ = {isa = PBXBuildFile; fileRef = E81D63112BD3F9D300AB2DCD /* Lighting.metal */; };
		E81D63142BD3FBEC00AB2DCD /* DebugLights.swift in Sources */ = {isa = PBXBuildFile; fileRef = E81D63132BD3FBEC00AB2DCD /* DebugLights.swift */; };
		E81D63162BD4030100AB2DCD /* DebugLights.metal in Sources */ = {isa = PBXBuildFile; fileRef = E81D63152BD4030100AB2DCD /* DebugLights.metal */; };
		E81D63182BD4050C00AB2DCD /* lighting-sphere.usdz in Resources */ = {isa = PBXBuildFile; fileRef = E81D63172BD4050C00AB2DCD /* lighting-sphere.usdz */; };
		E81D63272BD4193D00AB2DCD /* alarm_clock_01_arm_1k.png in Resources */ = {isa = PBXBuildFile; fileRef = E81D63202BD4193D00AB2DCD /* alarm_clock_01_arm_1k.png */; };
		E81D63282BD4193D00AB2DCD /* alarm_clock_01_rough_1k.png in Resources */ = {isa = PBXBuildFile; fileRef = E81D63212BD4193D00AB2DCD /* alarm_clock_01_rough_1k.png */; };
		E81D63292BD4193D00AB2DCD /* alarm_clock_01_metal_1k.png in Resources */ = {isa = PBXBuildFile; fileRef = E81D63222BD4193D00AB2DCD /* alarm_clock_01_metal_1k.png */; };
		E81D632A2BD4193D00AB2DCD /* alarm_clock_01_ao_1k.png in Resources */ = {isa = PBXBuildFile; fileRef = E81D63232BD4193D00AB2DCD /* alarm_clock_01_ao_1k.png */; };
		E81D632B2BD4193D00AB2DCD /* alarm_clock_01_nor_gl_1k.png in Resources */ = {isa = PBXBuildFile; fileRef = E81D63242BD4193D00AB2DCD /* alarm_clock_01_nor_gl_1k.png */; };
		E81D632C2BD4193D00AB2DCD /* alarm_clock_01_nor_dx_1k.png in Resources */ = {isa = PBXBuildFile; fileRef = E81D63252BD4193D00AB2DCD /* alarm_clock_01_nor_dx_1k.png */; };
		E81D632D2BD4193D00AB2DCD /* alarm_clock_01_diff_1k.png in Resources */ = {isa = PBXBuildFile; fileRef = E81D63262BD4193D00AB2DCD /* alarm_clock_01_diff_1k.png */; };
		E81D63312BD41B7000AB2DCD /* clock.usdz in Resources */ = {isa = PBXBuildFile; fileRef = E81D63302BD41B7000AB2DCD /* clock.usdz */; };
		E81D63352BD41E4300AB2DCD /* PBR.metal in Sources */ = {isa = PBXBuildFile; fileRef = E81D63342BD41E4300AB2DCD /* PBR.metal */; };
		E81D63372BD421DC00AB2DCD /* sphere.usdz in Resources */ = {isa = PBXBuildFile; fileRef = E81D63362BD421DC00AB2DCD /* sphere.usdz */; };
		E83EE76C2BF664CE0032929A /* ShadowCamera.swift in Sources */ = {isa = PBXBuildFile; fileRef = E83EE76B2BF664CE0032929A /* ShadowCamera.swift */; };
		E88B3E5C2BF33882007748F6 /* RenderPass.swift in Sources */ = {isa = PBXBuildFile; fileRef = E88B3E5B2BF33882007748F6 /* RenderPass.swift */; };
		E88B3E5E2BF33951007748F6 /* ObjectIdRenderPass.swift in Sources */ = {isa = PBXBuildFile; fileRef = E88B3E5D2BF33951007748F6 /* ObjectIdRenderPass.swift */; };
		E898C8802BEE007700EB573C /* toy.usdz in Resources */ = {isa = PBXBuildFile; fileRef = E898C87F2BEE007700EB573C /* toy.usdz */; };
		E898C8822BEE06D600EB573C /* gramophone.usdz in Resources */ = {isa = PBXBuildFile; fileRef = E898C8812BEE06D600EB573C /* gramophone.usdz */; };
		E8B1F0132BD1014900EA543E /* Math.swift in Sources */ = {isa = PBXBuildFile; fileRef = E8B1F0122BD1014900EA543E /* Math.swift */; };
		E8B1F0152BD1093900EA543E /* Model.swift in Sources */ = {isa = PBXBuildFile; fileRef = E8B1F0142BD1093900EA543E /* Model.swift */; };
		E8B1F0172BD1095400EA543E /* Transform.swift in Sources */ = {isa = PBXBuildFile; fileRef = E8B1F0162BD1095400EA543E /* Transform.swift */; };
		E8B1F0192BD1134000EA543E /* Mesh.swift in Sources */ = {isa = PBXBuildFile; fileRef = E8B1F0182BD1134000EA543E /* Mesh.swift */; };
		E8B1F01B2BD1136200EA543E /* Submesh.swift in Sources */ = {isa = PBXBuildFile; fileRef = E8B1F01A2BD1136200EA543E /* Submesh.swift */; };
		E8B1F01D2BD1B2B100EA543E /* Primitive.swift in Sources */ = {isa = PBXBuildFile; fileRef = E8B1F01C2BD1B2B100EA543E /* Primitive.swift */; };
		E8B1F01F2BD1B82B00EA543E /* Fragment.metal in Sources */ = {isa = PBXBuildFile; fileRef = E8B1F01E2BD1B82B00EA543E /* Fragment.metal */; };
		E8B1F0222BD1B97D00EA543E /* Vertex.metal in Sources */ = {isa = PBXBuildFile; fileRef = E8B1F0212BD1B97D00EA543E /* Vertex.metal */; };
		E8B1F0332BD24A8100EA543E /* TextureController.swift in Sources */ = {isa = PBXBuildFile; fileRef = E8B1F0322BD24A8100EA543E /* TextureController.swift */; };
		E8B1F0372BD253D300EA543E /* skull.usdz in Resources */ = {isa = PBXBuildFile; fileRef = E8B1F0362BD253D300EA543E /* skull.usdz */; };
		E8B1F0392BD2582F00EA543E /* Textures.xcassets in Resources */ = {isa = PBXBuildFile; fileRef = E8B1F0382BD2582F00EA543E /* Textures.xcassets */; };
		E8B1F03B2BD262EA00EA543E /* GameScene.swift in Sources */ = {isa = PBXBuildFile; fileRef = E8B1F03A2BD262EA00EA543E /* GameScene.swift */; };
		E8B1F03D2BD2664800EA543E /* Camera.swift in Sources */ = {isa = PBXBuildFile; fileRef = E8B1F03C2BD2664800EA543E /* Camera.swift */; };
		E8B1F03F2BD26A9D00EA543E /* InputController.swift in Sources */ = {isa = PBXBuildFile; fileRef = E8B1F03E2BD26A9D00EA543E /* InputController.swift */; };
		E8B1F0422BD2800400EA543E /* Movement.swift in Sources */ = {isa = PBXBuildFile; fileRef = E8B1F0412BD2800400EA543E /* Movement.swift */; };
		E8B1F04B2BD2FD6A00EA543E /* GameController.swift in Sources */ = {isa = PBXBuildFile; fileRef = E8B1F04A2BD2FD6A00EA543E /* GameController.swift */; };
		E8E2C8582BF5DE3B002B711B /* ObjecId.metal in Sources */ = {isa = PBXBuildFile; fileRef = E8E2C8572BF5DE3B002B711B /* ObjecId.metal */; };
		E8E2C85C2BF608D8002B711B /* teapot.usdz in Resources */ = {isa = PBXBuildFile; fileRef = E8E2C85B2BF608D8002B711B /* teapot.usdz */; };
		E8E2C85E2BF60EDE002B711B /* ShadowRenderPass.swift in Sources */ = {isa = PBXBuildFile; fileRef = E8E2C85D2BF60EDE002B711B /* ShadowRenderPass.swift */; };
		E8E2C8602BF613B4002B711B /* Shadow.metal in Sources */ = {isa = PBXBuildFile; fileRef = E8E2C85F2BF613B4002B711B /* Shadow.metal */; };
		E8E7BA942BD3F0100039D16D /* SceneLighting.swift in Sources */ = {isa = PBXBuildFile; fileRef = E8E7BA932BD3F0100039D16D /* SceneLighting.swift */; };
		E8EF09B82BD0E7FE00FFDA9C /* EngineApp.swift in Sources */ = {isa = PBXBuildFile; fileRef = E8EF09B72BD0E7FE00FFDA9C /* EngineApp.swift */; };
		E8EF09BA2BD0E7FE00FFDA9C /* ContentView.swift in Sources */ = {isa = PBXBuildFile; fileRef = E8EF09B92BD0E7FE00FFDA9C /* ContentView.swift */; };
		E8EF09BC2BD0E7FF00FFDA9C /* Assets.xcassets in Resources */ = {isa = PBXBuildFile; fileRef = E8EF09BB2BD0E7FF00FFDA9C /* Assets.xcassets */; };
		E8EF09BF2BD0E7FF00FFDA9C /* Preview Assets.xcassets in Resources */ = {isa = PBXBuildFile; fileRef = E8EF09BE2BD0E7FF00FFDA9C /* Preview Assets.xcassets */; };
		E8EF09C82BD0E84E00FFDA9C /* MetalView.swift in Sources */ = {isa = PBXBuildFile; fileRef = E8EF09C72BD0E84E00FFDA9C /* MetalView.swift */; };
		E8EF09CB2BD0EAF100FFDA9C /* Renderer.swift in Sources */ = {isa = PBXBuildFile; fileRef = E8EF09CA2BD0EAF100FFDA9C /* Renderer.swift */; };
		E8EF09CD2BD0EE2000FFDA9C /* ShaderManager.swift in Sources */ = {isa = PBXBuildFile; fileRef = E8EF09CC2BD0EE2000FFDA9C /* ShaderManager.swift */; };
		E8EF09D12BD0F1CA00FFDA9C /* VertexDescriptor.swift in Sources */ = {isa = PBXBuildFile; fileRef = E8EF09D02BD0F1CA00FFDA9C /* VertexDescriptor.swift */; };
		E8F416432BF0AA22004A3BAE /* ForwardRenderPass.swift in Sources */ = {isa = PBXBuildFile; fileRef = E8F416422BF0AA22004A3BAE /* ForwardRenderPass.swift */; };
		E8F416452BF0AA88004A3BAE /* Pipelines.swift in Sources */ = {isa = PBXBuildFile; fileRef = E8F416442BF0AA88004A3BAE /* Pipelines.swift */; };
/* End PBXBuildFile section */

/* Begin PBXFileReference section */
		E81D63112BD3F9D300AB2DCD /* Lighting.metal */ = {isa = PBXFileReference; lastKnownFileType = sourcecode.metal; path = Lighting.metal; sourceTree = "<group>"; };
		E81D63132BD3FBEC00AB2DCD /* DebugLights.swift */ = {isa = PBXFileReference; lastKnownFileType = sourcecode.swift; path = DebugLights.swift; sourceTree = "<group>"; };
		E81D63152BD4030100AB2DCD /* DebugLights.metal */ = {isa = PBXFileReference; lastKnownFileType = sourcecode.metal; path = DebugLights.metal; sourceTree = "<group>"; };
		E81D63172BD4050C00AB2DCD /* lighting-sphere.usdz */ = {isa = PBXFileReference; lastKnownFileType = file.usdz; path = "lighting-sphere.usdz"; sourceTree = "<group>"; };
		E81D63202BD4193D00AB2DCD /* alarm_clock_01_arm_1k.png */ = {isa = PBXFileReference; lastKnownFileType = image.png; path = alarm_clock_01_arm_1k.png; sourceTree = "<group>"; };
		E81D63212BD4193D00AB2DCD /* alarm_clock_01_rough_1k.png */ = {isa = PBXFileReference; lastKnownFileType = image.png; path = alarm_clock_01_rough_1k.png; sourceTree = "<group>"; };
		E81D63222BD4193D00AB2DCD /* alarm_clock_01_metal_1k.png */ = {isa = PBXFileReference; lastKnownFileType = image.png; path = alarm_clock_01_metal_1k.png; sourceTree = "<group>"; };
		E81D63232BD4193D00AB2DCD /* alarm_clock_01_ao_1k.png */ = {isa = PBXFileReference; lastKnownFileType = image.png; path = alarm_clock_01_ao_1k.png; sourceTree = "<group>"; };
		E81D63242BD4193D00AB2DCD /* alarm_clock_01_nor_gl_1k.png */ = {isa = PBXFileReference; lastKnownFileType = image.png; path = alarm_clock_01_nor_gl_1k.png; sourceTree = "<group>"; };
		E81D63252BD4193D00AB2DCD /* alarm_clock_01_nor_dx_1k.png */ = {isa = PBXFileReference; lastKnownFileType = image.png; path = alarm_clock_01_nor_dx_1k.png; sourceTree = "<group>"; };
		E81D63262BD4193D00AB2DCD /* alarm_clock_01_diff_1k.png */ = {isa = PBXFileReference; lastKnownFileType = image.png; path = alarm_clock_01_diff_1k.png; sourceTree = "<group>"; };
		E81D63302BD41B7000AB2DCD /* clock.usdz */ = {isa = PBXFileReference; lastKnownFileType = file.usdz; path = clock.usdz; sourceTree = "<group>"; };
		E81D63342BD41E4300AB2DCD /* PBR.metal */ = {isa = PBXFileReference; lastKnownFileType = sourcecode.metal; path = PBR.metal; sourceTree = "<group>"; };
		E81D63362BD421DC00AB2DCD /* sphere.usdz */ = {isa = PBXFileReference; lastKnownFileType = file.usdz; path = sphere.usdz; sourceTree = "<group>"; };
		E83EE76B2BF664CE0032929A /* ShadowCamera.swift */ = {isa = PBXFileReference; lastKnownFileType = sourcecode.swift; path = ShadowCamera.swift; sourceTree = "<group>"; };
		E88B3E5B2BF33882007748F6 /* RenderPass.swift */ = {isa = PBXFileReference; lastKnownFileType = sourcecode.swift; path = RenderPass.swift; sourceTree = "<group>"; };
		E88B3E5D2BF33951007748F6 /* ObjectIdRenderPass.swift */ = {isa = PBXFileReference; lastKnownFileType = sourcecode.swift; path = ObjectIdRenderPass.swift; sourceTree = "<group>"; };
		E898C87F2BEE007700EB573C /* toy.usdz */ = {isa = PBXFileReference; lastKnownFileType = file.usdz; path = toy.usdz; sourceTree = "<group>"; };
		E898C8812BEE06D600EB573C /* gramophone.usdz */ = {isa = PBXFileReference; lastKnownFileType = file.usdz; path = gramophone.usdz; sourceTree = "<group>"; };
		E8B1F0122BD1014900EA543E /* Math.swift */ = {isa = PBXFileReference; lastKnownFileType = sourcecode.swift; path = Math.swift; sourceTree = "<group>"; };
		E8B1F0142BD1093900EA543E /* Model.swift */ = {isa = PBXFileReference; lastKnownFileType = sourcecode.swift; path = Model.swift; sourceTree = "<group>"; };
		E8B1F0162BD1095400EA543E /* Transform.swift */ = {isa = PBXFileReference; lastKnownFileType = sourcecode.swift; path = Transform.swift; sourceTree = "<group>"; };
		E8B1F0182BD1134000EA543E /* Mesh.swift */ = {isa = PBXFileReference; lastKnownFileType = sourcecode.swift; path = Mesh.swift; sourceTree = "<group>"; };
		E8B1F01A2BD1136200EA543E /* Submesh.swift */ = {isa = PBXFileReference; lastKnownFileType = sourcecode.swift; path = Submesh.swift; sourceTree = "<group>"; };
		E8B1F01C2BD1B2B100EA543E /* Primitive.swift */ = {isa = PBXFileReference; lastKnownFileType = sourcecode.swift; path = Primitive.swift; sourceTree = "<group>"; };
		E8B1F01E2BD1B82B00EA543E /* Fragment.metal */ = {isa = PBXFileReference; lastKnownFileType = sourcecode.metal; path = Fragment.metal; sourceTree = "<group>"; };
		E8B1F0202BD1B8A400EA543E /* ShaderDefs.h */ = {isa = PBXFileReference; lastKnownFileType = sourcecode.c.h; path = ShaderDefs.h; sourceTree = "<group>"; };
		E8B1F0212BD1B97D00EA543E /* Vertex.metal */ = {isa = PBXFileReference; lastKnownFileType = sourcecode.metal; path = Vertex.metal; sourceTree = "<group>"; };
		E8B1F0322BD24A8100EA543E /* TextureController.swift */ = {isa = PBXFileReference; lastKnownFileType = sourcecode.swift; path = TextureController.swift; sourceTree = "<group>"; };
		E8B1F0362BD253D300EA543E /* skull.usdz */ = {isa = PBXFileReference; lastKnownFileType = file.usdz; path = skull.usdz; sourceTree = "<group>"; };
		E8B1F0382BD2582F00EA543E /* Textures.xcassets */ = {isa = PBXFileReference; lastKnownFileType = folder.assetcatalog; path = Textures.xcassets; sourceTree = "<group>"; };
		E8B1F03A2BD262EA00EA543E /* GameScene.swift */ = {isa = PBXFileReference; lastKnownFileType = sourcecode.swift; path = GameScene.swift; sourceTree = "<group>"; };
		E8B1F03C2BD2664800EA543E /* Camera.swift */ = {isa = PBXFileReference; lastKnownFileType = sourcecode.swift; path = Camera.swift; sourceTree = "<group>"; };
		E8B1F03E2BD26A9D00EA543E /* InputController.swift */ = {isa = PBXFileReference; lastKnownFileType = sourcecode.swift; path = InputController.swift; sourceTree = "<group>"; };
		E8B1F0412BD2800400EA543E /* Movement.swift */ = {isa = PBXFileReference; lastKnownFileType = sourcecode.swift; path = Movement.swift; sourceTree = "<group>"; };
		E8B1F04A2BD2FD6A00EA543E /* GameController.swift */ = {isa = PBXFileReference; lastKnownFileType = sourcecode.swift; path = GameController.swift; sourceTree = "<group>"; };
		E8E2C8572BF5DE3B002B711B /* ObjecId.metal */ = {isa = PBXFileReference; lastKnownFileType = sourcecode.metal; path = ObjecId.metal; sourceTree = "<group>"; };
		E8E2C85B2BF608D8002B711B /* teapot.usdz */ = {isa = PBXFileReference; lastKnownFileType = file.usdz; path = teapot.usdz; sourceTree = "<group>"; };
		E8E2C85D2BF60EDE002B711B /* ShadowRenderPass.swift */ = {isa = PBXFileReference; lastKnownFileType = sourcecode.swift; path = ShadowRenderPass.swift; sourceTree = "<group>"; };
		E8E2C85F2BF613B4002B711B /* Shadow.metal */ = {isa = PBXFileReference; lastKnownFileType = sourcecode.metal; path = Shadow.metal; sourceTree = "<group>"; };
		E8E7BA932BD3F0100039D16D /* SceneLighting.swift */ = {isa = PBXFileReference; lastKnownFileType = sourcecode.swift; path = SceneLighting.swift; sourceTree = "<group>"; };
		E8E7BA962BD3F56C0039D16D /* Lighting.h */ = {isa = PBXFileReference; lastKnownFileType = sourcecode.c.h; path = Lighting.h; sourceTree = "<group>"; };
		E8EF09B42BD0E7FE00FFDA9C /* Engine.app */ = {isa = PBXFileReference; explicitFileType = wrapper.application; includeInIndex = 0; path = Engine.app; sourceTree = BUILT_PRODUCTS_DIR; };
		E8EF09B72BD0E7FE00FFDA9C /* EngineApp.swift */ = {isa = PBXFileReference; lastKnownFileType = sourcecode.swift; path = EngineApp.swift; sourceTree = "<group>"; };
		E8EF09B92BD0E7FE00FFDA9C /* ContentView.swift */ = {isa = PBXFileReference; lastKnownFileType = sourcecode.swift; path = ContentView.swift; sourceTree = "<group>"; };
		E8EF09BB2BD0E7FF00FFDA9C /* Assets.xcassets */ = {isa = PBXFileReference; lastKnownFileType = folder.assetcatalog; path = Assets.xcassets; sourceTree = "<group>"; };
		E8EF09BE2BD0E7FF00FFDA9C /* Preview Assets.xcassets */ = {isa = PBXFileReference; lastKnownFileType = folder.assetcatalog; path = "Preview Assets.xcassets"; sourceTree = "<group>"; };
		E8EF09C02BD0E7FF00FFDA9C /* Engine.entitlements */ = {isa = PBXFileReference; lastKnownFileType = text.plist.entitlements; path = Engine.entitlements; sourceTree = "<group>"; };
		E8EF09C72BD0E84E00FFDA9C /* MetalView.swift */ = {isa = PBXFileReference; lastKnownFileType = sourcecode.swift; path = MetalView.swift; sourceTree = "<group>"; };
		E8EF09CA2BD0EAF100FFDA9C /* Renderer.swift */ = {isa = PBXFileReference; lastKnownFileType = sourcecode.swift; path = Renderer.swift; sourceTree = "<group>"; };
		E8EF09CC2BD0EE2000FFDA9C /* ShaderManager.swift */ = {isa = PBXFileReference; lastKnownFileType = sourcecode.swift; path = ShaderManager.swift; sourceTree = "<group>"; };
		E8EF09D02BD0F1CA00FFDA9C /* VertexDescriptor.swift */ = {isa = PBXFileReference; lastKnownFileType = sourcecode.swift; path = VertexDescriptor.swift; sourceTree = "<group>"; };
		E8EF09D32BD0F6AE00FFDA9C /* Common.h */ = {isa = PBXFileReference; lastKnownFileType = sourcecode.c.h; path = Common.h; sourceTree = "<group>"; };
		E8F416422BF0AA22004A3BAE /* ForwardRenderPass.swift */ = {isa = PBXFileReference; lastKnownFileType = sourcecode.swift; path = ForwardRenderPass.swift; sourceTree = "<group>"; };
		E8F416442BF0AA88004A3BAE /* Pipelines.swift */ = {isa = PBXFileReference; lastKnownFileType = sourcecode.swift; path = Pipelines.swift; sourceTree = "<group>"; };
/* End PBXFileReference section */

/* Begin PBXFrameworksBuildPhase section */
		E8EF09B12BD0E7FE00FFDA9C /* Frameworks */ = {
			isa = PBXFrameworksBuildPhase;
			buildActionMask = 2147483647;
			files = (
			);
			runOnlyForDeploymentPostprocessing = 0;
		};
/* End PBXFrameworksBuildPhase section */

/* Begin PBXGroup section */
		E81D631F2BD4193000AB2DCD /* Textures */ = {
			isa = PBXGroup;
			children = (
				E81D63232BD4193D00AB2DCD /* alarm_clock_01_ao_1k.png */,
				E81D63202BD4193D00AB2DCD /* alarm_clock_01_arm_1k.png */,
				E81D63262BD4193D00AB2DCD /* alarm_clock_01_diff_1k.png */,
				E81D63222BD4193D00AB2DCD /* alarm_clock_01_metal_1k.png */,
				E81D63252BD4193D00AB2DCD /* alarm_clock_01_nor_dx_1k.png */,
				E81D63242BD4193D00AB2DCD /* alarm_clock_01_nor_gl_1k.png */,
				E81D63212BD4193D00AB2DCD /* alarm_clock_01_rough_1k.png */,
			);
			path = Textures;
			sourceTree = "<group>";
		};
		E898C88E2BEE0A2500EB573C /* Render Passes */ = {
			isa = PBXGroup;
			children = (
				E88B3E5B2BF33882007748F6 /* RenderPass.swift */,
				E8F416442BF0AA88004A3BAE /* Pipelines.swift */,
				E8F416422BF0AA22004A3BAE /* ForwardRenderPass.swift */,
				E8E2C85D2BF60EDE002B711B /* ShadowRenderPass.swift */,
				E88B3E5D2BF33951007748F6 /* ObjectIdRenderPass.swift */,
			);
			path = "Render Passes";
			sourceTree = "<group>";
		};
		E8B1F0112BD1011900EA543E /* Utility */ = {
			isa = PBXGroup;
			children = (
				E8B1F0122BD1014900EA543E /* Math.swift */,
				E81D63132BD3FBEC00AB2DCD /* DebugLights.swift */,
				E81D63152BD4030100AB2DCD /* DebugLights.metal */,
			);
			path = Utility;
			sourceTree = "<group>";
		};
		E8B1F0232BD1BB3000EA543E /* Models */ = {
			isa = PBXGroup;
			children = (
				E81D631F2BD4193000AB2DCD /* Textures */,
				E81D63362BD421DC00AB2DCD /* sphere.usdz */,
				E81D63302BD41B7000AB2DCD /* clock.usdz */,
				E898C8812BEE06D600EB573C /* gramophone.usdz */,
				E8E2C85B2BF608D8002B711B /* teapot.usdz */,
				E898C87F2BEE007700EB573C /* toy.usdz */,
				E81D63172BD4050C00AB2DCD /* lighting-sphere.usdz */,
				E8B1F0362BD253D300EA543E /* skull.usdz */,
			);
			path = Models;
			sourceTree = "<group>";
		};
		E8B1F0302BD249C200EA543E /* Texture */ = {
			isa = PBXGroup;
			children = (
				E8B1F0322BD24A8100EA543E /* TextureController.swift */,
				E8B1F0382BD2582F00EA543E /* Textures.xcassets */,
			);
			path = Texture;
			sourceTree = "<group>";
		};
		E8B1F0312BD249CC00EA543E /* Mesh */ = {
			isa = PBXGroup;
			children = (
				E8EF09D02BD0F1CA00FFDA9C /* VertexDescriptor.swift */,
				E8B1F0142BD1093900EA543E /* Model.swift */,
				E8B1F01C2BD1B2B100EA543E /* Primitive.swift */,
				E8B1F0162BD1095400EA543E /* Transform.swift */,
				E8B1F0182BD1134000EA543E /* Mesh.swift */,
				E8B1F01A2BD1136200EA543E /* Submesh.swift */,
			);
			path = Mesh;
			sourceTree = "<group>";
		};
		E8B1F0402BD27FEC00EA543E /* Controls */ = {
			isa = PBXGroup;
			children = (
				E8B1F03E2BD26A9D00EA543E /* InputController.swift */,
				E8B1F0412BD2800400EA543E /* Movement.swift */,
			);
			path = Controls;
			sourceTree = "<group>";
		};
		E8E7BA922BD3ECD60039D16D /* Game */ = {
			isa = PBXGroup;
			children = (
				E8B1F04A2BD2FD6A00EA543E /* GameController.swift */,
				E8EF09CA2BD0EAF100FFDA9C /* Renderer.swift */,
				E8B1F03A2BD262EA00EA543E /* GameScene.swift */,
				E8E7BA932BD3F0100039D16D /* SceneLighting.swift */,
				E8B1F03C2BD2664800EA543E /* Camera.swift */,
				E8EF09CC2BD0EE2000FFDA9C /* ShaderManager.swift */,
				E83EE76B2BF664CE0032929A /* ShadowCamera.swift */,
			);
			path = Game;
			sourceTree = "<group>";
		};
		E8EF09AB2BD0E7FE00FFDA9C = {
			isa = PBXGroup;
			children = (
				E8EF09B62BD0E7FE00FFDA9C /* Engine */,
				E8EF09B52BD0E7FE00FFDA9C /* Products */,
			);
			sourceTree = "<group>";
		};
		E8EF09B52BD0E7FE00FFDA9C /* Products */ = {
			isa = PBXGroup;
			children = (
				E8EF09B42BD0E7FE00FFDA9C /* Engine.app */,
			);
			name = Products;
			sourceTree = "<group>";
		};
		E8EF09B62BD0E7FE00FFDA9C /* Engine */ = {
			isa = PBXGroup;
			children = (
				E898C88E2BEE0A2500EB573C /* Render Passes */,
				E8E7BA922BD3ECD60039D16D /* Game */,
				E8B1F0402BD27FEC00EA543E /* Controls */,
				E8B1F0302BD249C200EA543E /* Texture */,
				E8B1F0312BD249CC00EA543E /* Mesh */,
				E8EF09D22BD0F6A100FFDA9C /* Shaders */,
				E8B1F0112BD1011900EA543E /* Utility */,
				E8B1F0232BD1BB3000EA543E /* Models */,
				E8EF09C62BD0E83000FFDA9C /* Views */,
				E8EF09B72BD0E7FE00FFDA9C /* EngineApp.swift */,
				E8EF09BB2BD0E7FF00FFDA9C /* Assets.xcassets */,
				E8EF09C02BD0E7FF00FFDA9C /* Engine.entitlements */,
				E8EF09BD2BD0E7FF00FFDA9C /* Preview Content */,
			);
			path = Engine;
			sourceTree = "<group>";
		};
		E8EF09BD2BD0E7FF00FFDA9C /* Preview Content */ = {
			isa = PBXGroup;
			children = (
				E8EF09BE2BD0E7FF00FFDA9C /* Preview Assets.xcassets */,
			);
			path = "Preview Content";
			sourceTree = "<group>";
		};
		E8EF09C62BD0E83000FFDA9C /* Views */ = {
			isa = PBXGroup;
			children = (
				E8EF09B92BD0E7FE00FFDA9C /* ContentView.swift */,
				E8EF09C72BD0E84E00FFDA9C /* MetalView.swift */,
			);
			path = Views;
			sourceTree = "<group>";
		};
		E8EF09D22BD0F6A100FFDA9C /* Shaders */ = {
			isa = PBXGroup;
			children = (
				E8EF09D32BD0F6AE00FFDA9C /* Common.h */,
				E8B1F0202BD1B8A400EA543E /* ShaderDefs.h */,
				E8E7BA962BD3F56C0039D16D /* Lighting.h */,
				E8B1F01E2BD1B82B00EA543E /* Fragment.metal */,
				E8E2C85F2BF613B4002B711B /* Shadow.metal */,
				E8E2C8572BF5DE3B002B711B /* ObjecId.metal */,
				E8B1F0212BD1B97D00EA543E /* Vertex.metal */,
				E81D63112BD3F9D300AB2DCD /* Lighting.metal */,
				E81D63342BD41E4300AB2DCD /* PBR.metal */,
			);
			path = Shaders;
			sourceTree = "<group>";
		};
/* End PBXGroup section */

/* Begin PBXNativeTarget section */
		E8EF09B32BD0E7FE00FFDA9C /* Engine */ = {
			isa = PBXNativeTarget;
			buildConfigurationList = E8EF09C32BD0E7FF00FFDA9C /* Build configuration list for PBXNativeTarget "Engine" */;
			buildPhases = (
				E8EF09B02BD0E7FE00FFDA9C /* Sources */,
				E8EF09B12BD0E7FE00FFDA9C /* Frameworks */,
				E8EF09B22BD0E7FE00FFDA9C /* Resources */,
			);
			buildRules = (
			);
			dependencies = (
			);
			name = Engine;
			productName = Engine;
			productReference = E8EF09B42BD0E7FE00FFDA9C /* Engine.app */;
			productType = "com.apple.product-type.application";
		};
/* End PBXNativeTarget section */

/* Begin PBXProject section */
		E8EF09AC2BD0E7FE00FFDA9C /* Project object */ = {
			isa = PBXProject;
			attributes = {
				BuildIndependentTargetsInParallel = 1;
				LastSwiftUpdateCheck = 1530;
				LastUpgradeCheck = 1530;
				TargetAttributes = {
					E8EF09B32BD0E7FE00FFDA9C = {
						CreatedOnToolsVersion = 15.3;
					};
				};
			};
			buildConfigurationList = E8EF09AF2BD0E7FE00FFDA9C /* Build configuration list for PBXProject "Engine" */;
			compatibilityVersion = "Xcode 14.0";
			developmentRegion = en;
			hasScannedForEncodings = 0;
			knownRegions = (
				en,
				Base,
			);
			mainGroup = E8EF09AB2BD0E7FE00FFDA9C;
			productRefGroup = E8EF09B52BD0E7FE00FFDA9C /* Products */;
			projectDirPath = "";
			projectRoot = "";
			targets = (
				E8EF09B32BD0E7FE00FFDA9C /* Engine */,
			);
		};
/* End PBXProject section */

/* Begin PBXResourcesBuildPhase section */
		E8EF09B22BD0E7FE00FFDA9C /* Resources */ = {
			isa = PBXResourcesBuildPhase;
			buildActionMask = 2147483647;
			files = (
				E8B1F0372BD253D300EA543E /* skull.usdz in Resources */,
				E8EF09BF2BD0E7FF00FFDA9C /* Preview Assets.xcassets in Resources */,
				E81D63272BD4193D00AB2DCD /* alarm_clock_01_arm_1k.png in Resources */,
				E898C8822BEE06D600EB573C /* gramophone.usdz in Resources */,
				E8B1F0392BD2582F00EA543E /* Textures.xcassets in Resources */,
				E81D63292BD4193D00AB2DCD /* alarm_clock_01_metal_1k.png in Resources */,
				E81D632D2BD4193D00AB2DCD /* alarm_clock_01_diff_1k.png in Resources */,
				E81D63182BD4050C00AB2DCD /* lighting-sphere.usdz in Resources */,
				E8E2C85C2BF608D8002B711B /* teapot.usdz in Resources */,
				E81D632C2BD4193D00AB2DCD /* alarm_clock_01_nor_dx_1k.png in Resources */,
				E81D632B2BD4193D00AB2DCD /* alarm_clock_01_nor_gl_1k.png in Resources */,
				E8EF09BC2BD0E7FF00FFDA9C /* Assets.xcassets in Resources */,
				E81D63312BD41B7000AB2DCD /* clock.usdz in Resources */,
				E81D63282BD4193D00AB2DCD /* alarm_clock_01_rough_1k.png in Resources */,
				E81D632A2BD4193D00AB2DCD /* alarm_clock_01_ao_1k.png in Resources */,
				E81D63372BD421DC00AB2DCD /* sphere.usdz in Resources */,
				E898C8802BEE007700EB573C /* toy.usdz in Resources */,
			);
			runOnlyForDeploymentPostprocessing = 0;
		};
/* End PBXResourcesBuildPhase section */

/* Begin PBXSourcesBuildPhase section */
		E8EF09B02BD0E7FE00FFDA9C /* Sources */ = {
			isa = PBXSourcesBuildPhase;
			buildActionMask = 2147483647;
			files = (
				E8B1F0152BD1093900EA543E /* Model.swift in Sources */,
				E81D63142BD3FBEC00AB2DCD /* DebugLights.swift in Sources */,
				E8F416432BF0AA22004A3BAE /* ForwardRenderPass.swift in Sources */,
				E8B1F0192BD1134000EA543E /* Mesh.swift in Sources */,
				E8EF09D12BD0F1CA00FFDA9C /* VertexDescriptor.swift in Sources */,
				E81D63162BD4030100AB2DCD /* DebugLights.metal in Sources */,
				E8B1F0172BD1095400EA543E /* Transform.swift in Sources */,
				E8B1F03F2BD26A9D00EA543E /* InputController.swift in Sources */,
				E8E2C85E2BF60EDE002B711B /* ShadowRenderPass.swift in Sources */,
				E8F416452BF0AA88004A3BAE /* Pipelines.swift in Sources */,
				E8B1F01F2BD1B82B00EA543E /* Fragment.metal in Sources */,
				E88B3E5C2BF33882007748F6 /* RenderPass.swift in Sources */,
				E8EF09CB2BD0EAF100FFDA9C /* Renderer.swift in Sources */,
				E8B1F0422BD2800400EA543E /* Movement.swift in Sources */,
				E8B1F0332BD24A8100EA543E /* TextureController.swift in Sources */,
				E83EE76C2BF664CE0032929A /* ShadowCamera.swift in Sources */,
				E81D63122BD3F9D300AB2DCD /* Lighting.metal in Sources */,
				E8B1F03D2BD2664800EA543E /* Camera.swift in Sources */,
				E8EF09C82BD0E84E00FFDA9C /* MetalView.swift in Sources */,
				E8B1F01B2BD1136200EA543E /* Submesh.swift in Sources */,
				E8E2C8602BF613B4002B711B /* Shadow.metal in Sources */,
				E8B1F04B2BD2FD6A00EA543E /* GameController.swift in Sources */,
				E8EF09CD2BD0EE2000FFDA9C /* ShaderManager.swift in Sources */,
				E8B1F03B2BD262EA00EA543E /* GameScene.swift in Sources */,
				E8B1F01D2BD1B2B100EA543E /* Primitive.swift in Sources */,
				E81D63352BD41E4300AB2DCD /* PBR.metal in Sources */,
				E8EF09BA2BD0E7FE00FFDA9C /* ContentView.swift in Sources */,
				E8B1F0222BD1B97D00EA543E /* Vertex.metal in Sources */,
				E8EF09B82BD0E7FE00FFDA9C /* EngineApp.swift in Sources */,
				E8E2C8582BF5DE3B002B711B /* ObjecId.metal in Sources */,
				E8E7BA942BD3F0100039D16D /* SceneLighting.swift in Sources */,
				E88B3E5E2BF33951007748F6 /* ObjectIdRenderPass.swift in Sources */,
				E8B1F0132BD1014900EA543E /* Math.swift in Sources */,
			);
			runOnlyForDeploymentPostprocessing = 0;
		};
/* End PBXSourcesBuildPhase section */

/* Begin XCBuildConfiguration section */
		E8EF09C12BD0E7FF00FFDA9C /* Debug */ = {
			isa = XCBuildConfiguration;
			buildSettings = {
				ALWAYS_SEARCH_USER_PATHS = NO;
				ASSETCATALOG_COMPILER_GENERATE_SWIFT_ASSET_SYMBOL_EXTENSIONS = YES;
				CLANG_ANALYZER_NONNULL = YES;
				CLANG_ANALYZER_NUMBER_OBJECT_CONVERSION = YES_AGGRESSIVE;
				CLANG_CXX_LANGUAGE_STANDARD = "gnu++20";
				CLANG_ENABLE_MODULES = YES;
				CLANG_ENABLE_OBJC_ARC = YES;
				CLANG_ENABLE_OBJC_WEAK = YES;
				CLANG_WARN_BLOCK_CAPTURE_AUTORELEASING = YES;
				CLANG_WARN_BOOL_CONVERSION = YES;
				CLANG_WARN_COMMA = YES;
				CLANG_WARN_CONSTANT_CONVERSION = YES;
				CLANG_WARN_DEPRECATED_OBJC_IMPLEMENTATIONS = YES;
				CLANG_WARN_DIRECT_OBJC_ISA_USAGE = YES_ERROR;
				CLANG_WARN_DOCUMENTATION_COMMENTS = YES;
				CLANG_WARN_EMPTY_BODY = YES;
				CLANG_WARN_ENUM_CONVERSION = YES;
				CLANG_WARN_INFINITE_RECURSION = YES;
				CLANG_WARN_INT_CONVERSION = YES;
				CLANG_WARN_NON_LITERAL_NULL_CONVERSION = YES;
				CLANG_WARN_OBJC_IMPLICIT_RETAIN_SELF = YES;
				CLANG_WARN_OBJC_LITERAL_CONVERSION = YES;
				CLANG_WARN_OBJC_ROOT_CLASS = YES_ERROR;
				CLANG_WARN_QUOTED_INCLUDE_IN_FRAMEWORK_HEADER = YES;
				CLANG_WARN_RANGE_LOOP_ANALYSIS = YES;
				CLANG_WARN_STRICT_PROTOTYPES = YES;
				CLANG_WARN_SUSPICIOUS_MOVE = YES;
				CLANG_WARN_UNGUARDED_AVAILABILITY = YES_AGGRESSIVE;
				CLANG_WARN_UNREACHABLE_CODE = YES;
				CLANG_WARN__DUPLICATE_METHOD_MATCH = YES;
				COPY_PHASE_STRIP = NO;
				DEBUG_INFORMATION_FORMAT = dwarf;
				ENABLE_STRICT_OBJC_MSGSEND = YES;
				ENABLE_TESTABILITY = YES;
				ENABLE_USER_SCRIPT_SANDBOXING = YES;
				GCC_C_LANGUAGE_STANDARD = gnu17;
				GCC_DYNAMIC_NO_PIC = NO;
				GCC_NO_COMMON_BLOCKS = YES;
				GCC_OPTIMIZATION_LEVEL = 0;
				GCC_PREPROCESSOR_DEFINITIONS = (
					"DEBUG=1",
					"$(inherited)",
				);
				GCC_WARN_64_TO_32_BIT_CONVERSION = YES;
				GCC_WARN_ABOUT_RETURN_TYPE = YES_ERROR;
				GCC_WARN_UNDECLARED_SELECTOR = YES;
				GCC_WARN_UNINITIALIZED_AUTOS = YES_AGGRESSIVE;
				GCC_WARN_UNUSED_FUNCTION = YES;
				GCC_WARN_UNUSED_VARIABLE = YES;
				LOCALIZATION_PREFERS_STRING_CATALOGS = YES;
				MACOSX_DEPLOYMENT_TARGET = 14.4;
				MTL_ENABLE_DEBUG_INFO = INCLUDE_SOURCE;
				MTL_FAST_MATH = YES;
				ONLY_ACTIVE_ARCH = YES;
				SDKROOT = macosx;
				SWIFT_ACTIVE_COMPILATION_CONDITIONS = "DEBUG $(inherited)";
				SWIFT_OPTIMIZATION_LEVEL = "-Onone";
			};
			name = Debug;
		};
		E8EF09C22BD0E7FF00FFDA9C /* Release */ = {
			isa = XCBuildConfiguration;
			buildSettings = {
				ALWAYS_SEARCH_USER_PATHS = NO;
				ASSETCATALOG_COMPILER_GENERATE_SWIFT_ASSET_SYMBOL_EXTENSIONS = YES;
				CLANG_ANALYZER_NONNULL = YES;
				CLANG_ANALYZER_NUMBER_OBJECT_CONVERSION = YES_AGGRESSIVE;
				CLANG_CXX_LANGUAGE_STANDARD = "gnu++20";
				CLANG_ENABLE_MODULES = YES;
				CLANG_ENABLE_OBJC_ARC = YES;
				CLANG_ENABLE_OBJC_WEAK = YES;
				CLANG_WARN_BLOCK_CAPTURE_AUTORELEASING = YES;
				CLANG_WARN_BOOL_CONVERSION = YES;
				CLANG_WARN_COMMA = YES;
				CLANG_WARN_CONSTANT_CONVERSION = YES;
				CLANG_WARN_DEPRECATED_OBJC_IMPLEMENTATIONS = YES;
				CLANG_WARN_DIRECT_OBJC_ISA_USAGE = YES_ERROR;
				CLANG_WARN_DOCUMENTATION_COMMENTS = YES;
				CLANG_WARN_EMPTY_BODY = YES;
				CLANG_WARN_ENUM_CONVERSION = YES;
				CLANG_WARN_INFINITE_RECURSION = YES;
				CLANG_WARN_INT_CONVERSION = YES;
				CLANG_WARN_NON_LITERAL_NULL_CONVERSION = YES;
				CLANG_WARN_OBJC_IMPLICIT_RETAIN_SELF = YES;
				CLANG_WARN_OBJC_LITERAL_CONVERSION = YES;
				CLANG_WARN_OBJC_ROOT_CLASS = YES_ERROR;
				CLANG_WARN_QUOTED_INCLUDE_IN_FRAMEWORK_HEADER = YES;
				CLANG_WARN_RANGE_LOOP_ANALYSIS = YES;
				CLANG_WARN_STRICT_PROTOTYPES = YES;
				CLANG_WARN_SUSPICIOUS_MOVE = YES;
				CLANG_WARN_UNGUARDED_AVAILABILITY = YES_AGGRESSIVE;
				CLANG_WARN_UNREACHABLE_CODE = YES;
				CLANG_WARN__DUPLICATE_METHOD_MATCH = YES;
				COPY_PHASE_STRIP = NO;
				DEBUG_INFORMATION_FORMAT = "dwarf-with-dsym";
				ENABLE_NS_ASSERTIONS = NO;
				ENABLE_STRICT_OBJC_MSGSEND = YES;
				ENABLE_USER_SCRIPT_SANDBOXING = YES;
				GCC_C_LANGUAGE_STANDARD = gnu17;
				GCC_NO_COMMON_BLOCKS = YES;
				GCC_WARN_64_TO_32_BIT_CONVERSION = YES;
				GCC_WARN_ABOUT_RETURN_TYPE = YES_ERROR;
				GCC_WARN_UNDECLARED_SELECTOR = YES;
				GCC_WARN_UNINITIALIZED_AUTOS = YES_AGGRESSIVE;
				GCC_WARN_UNUSED_FUNCTION = YES;
				GCC_WARN_UNUSED_VARIABLE = YES;
				LOCALIZATION_PREFERS_STRING_CATALOGS = YES;
				MACOSX_DEPLOYMENT_TARGET = 14.4;
				MTL_ENABLE_DEBUG_INFO = NO;
				MTL_FAST_MATH = YES;
				SDKROOT = macosx;
				SWIFT_COMPILATION_MODE = wholemodule;
			};
			name = Release;
		};
		E8EF09C42BD0E7FF00FFDA9C /* Debug */ = {
			isa = XCBuildConfiguration;
			buildSettings = {
				ALLOW_TARGET_PLATFORM_SPECIALIZATION = YES;
				ASSETCATALOG_COMPILER_APPICON_NAME = IOS;
				ASSETCATALOG_COMPILER_GLOBAL_ACCENT_COLOR_NAME = AccentColor;
				ASSETCATALOG_COMPILER_INCLUDE_ALL_APPICON_ASSETS = YES;
				CODE_SIGN_ENTITLEMENTS = Engine/Engine.entitlements;
				"CODE_SIGN_IDENTITY[sdk=macosx*]" = "Apple Development";
				CODE_SIGN_STYLE = Automatic;
				COMBINE_HIDPI_IMAGES = YES;
				CURRENT_PROJECT_VERSION = 1;
				DEVELOPMENT_ASSET_PATHS = "\"Engine/Preview Content\"";
				DEVELOPMENT_TEAM = 9J9C5VRL27;
				ENABLE_PREVIEWS = YES;
				GENERATE_INFOPLIST_FILE = YES;
				INFOPLIST_KEY_NSHumanReadableCopyright = "";
				LD_RUNPATH_SEARCH_PATHS = (
					"$(inherited)",
					"@executable_path/../Frameworks",
				);
				MARKETING_VERSION = 1.0;
				PRODUCT_BUNDLE_IDENTIFIER = Andrii.Engine;
				PRODUCT_NAME = "$(TARGET_NAME)";
				SUPPORTED_PLATFORMS = "xrsimulator xros watchsimulator watchos macosx iphonesimulator iphoneos driverkit appletvsimulator appletvos";
				SUPPORTS_MACCATALYST = YES;
				SWIFT_EMIT_LOC_STRINGS = YES;
				SWIFT_OBJC_BRIDGING_HEADER = Engine/Shaders/Common.h;
				SWIFT_VERSION = 5.0;
			};
			name = Debug;
		};
		E8EF09C52BD0E7FF00FFDA9C /* Release */ = {
			isa = XCBuildConfiguration;
			buildSettings = {
				ALLOW_TARGET_PLATFORM_SPECIALIZATION = YES;
				ASSETCATALOG_COMPILER_APPICON_NAME = IOS;
				ASSETCATALOG_COMPILER_GLOBAL_ACCENT_COLOR_NAME = AccentColor;
				ASSETCATALOG_COMPILER_INCLUDE_ALL_APPICON_ASSETS = YES;
				CODE_SIGN_ENTITLEMENTS = Engine/Engine.entitlements;
				"CODE_SIGN_IDENTITY[sdk=macosx*]" = "Apple Development";
				CODE_SIGN_STYLE = Automatic;
				COMBINE_HIDPI_IMAGES = YES;
				CURRENT_PROJECT_VERSION = 1;
				DEVELOPMENT_ASSET_PATHS = "\"Engine/Preview Content\"";
				DEVELOPMENT_TEAM = 9J9C5VRL27;
				ENABLE_PREVIEWS = YES;
				GENERATE_INFOPLIST_FILE = YES;
				INFOPLIST_KEY_NSHumanReadableCopyright = "";
				LD_RUNPATH_SEARCH_PATHS = (
					"$(inherited)",
					"@executable_path/../Frameworks",
				);
				MARKETING_VERSION = 1.0;
				PRODUCT_BUNDLE_IDENTIFIER = Andrii.Engine;
				PRODUCT_NAME = "$(TARGET_NAME)";
				SUPPORTED_PLATFORMS = "xrsimulator xros watchsimulator watchos macosx iphonesimulator iphoneos driverkit appletvsimulator appletvos";
				SUPPORTS_MACCATALYST = YES;
				SWIFT_EMIT_LOC_STRINGS = YES;
				SWIFT_OBJC_BRIDGING_HEADER = Engine/Shaders/Common.h;
				SWIFT_VERSION = 5.0;
			};
			name = Release;
		};
/* End XCBuildConfiguration section */

/* Begin XCConfigurationList section */
		E8EF09AF2BD0E7FE00FFDA9C /* Build configuration list for PBXProject "Engine" */ = {
			isa = XCConfigurationList;
			buildConfigurations = (
				E8EF09C12BD0E7FF00FFDA9C /* Debug */,
				E8EF09C22BD0E7FF00FFDA9C /* Release */,
			);
			defaultConfigurationIsVisible = 0;
			defaultConfigurationName = Release;
		};
		E8EF09C32BD0E7FF00FFDA9C /* Build configuration list for PBXNativeTarget "Engine" */ = {
			isa = XCConfigurationList;
			buildConfigurations = (
				E8EF09C42BD0E7FF00FFDA9C /* Debug */,
				E8EF09C52BD0E7FF00FFDA9C /* Release */,
			);
			defaultConfigurationIsVisible = 0;
			defaultConfigurationName = Release;
		};
/* End XCConfigurationList section */
	};
	rootObject = E8EF09AC2BD0E7FE00FFDA9C /* Project object */;
}
